
Microsoft Visual Studio Solution File, Format Version 12.00
# Visual Studio Version 17
VisualStudioVersion = 17.0.32002.185
MinimumVisualStudioVersion = 10.0.40219.1
Project("{9A19103F-16F7-4668-BE54-9A1E7A4F7556}") = "AgencyProjectT", "AgencyProjectT\AgencyProjectT.csproj", "{A4BDD8FB-9718-44B8-A205-B5ED6C214B20}"
EndProject
Project("{9A19103F-16F7-4668-BE54-9A1E7A4F7556}") = "Domain", "Domain\Domain.csproj", "{14028E95-6AB6-4563-8B47-AE02991A40F0}"
EndProject
Project("{9A19103F-16F7-4668-BE54-9A1E7A4F7556}") = "Application", "Application\Application.csproj", "{D6218CDC-67ED-4647-9F51-A8D28B08A90E}"
EndProject
Project("{FAE04EC0-301F-11D3-BF4B-00C04F79EFBC}") = "Infrastructure", "Infrastructure\Infrastructure.csproj", "{AAC4AF41-BA63-4336-A3BC-EC913614CDB4}"
EndProject
Global
	GlobalSection(SolutionConfigurationPlatforms) = preSolution
		Debug|Any CPU = Debug|Any CPU
		Release|Any CPU = Release|Any CPU
	EndGlobalSection
	GlobalSection(ProjectConfigurationPlatforms) = postSolution
		{A4BDD8FB-9718-44B8-A205-B5ED6C214B20}.Debug|Any CPU.ActiveCfg = Debug|Any CPU
		{A4BDD8FB-9718-44B8-A205-B5ED6C214B20}.Debug|Any CPU.Build.0 = Debug|Any CPU
		{A4BDD8FB-9718-44B8-A205-B5ED6C214B20}.Release|Any CPU.ActiveCfg = Release|Any CPU
		{A4BDD8FB-9718-44B8-A205-B5ED6C214B20}.Release|Any CPU.Build.0 = Release|Any CPU
		{14028E95-6AB6-4563-8B47-AE02991A40F0}.Debug|Any CPU.ActiveCfg = Debug|Any CPU
		{14028E95-6AB6-4563-8B47-AE02991A40F0}.Debug|Any CPU.Build.0 = Debug|Any CPU
		{14028E95-6AB6-4563-8B47-AE02991A40F0}.Release|Any CPU.ActiveCfg = Release|Any CPU
		{14028E95-6AB6-4563-8B47-AE02991A40F0}.Release|Any CPU.Build.0 = Release|Any CPU
		{D6218CDC-67ED-4647-9F51-A8D28B08A90E}.Debug|Any CPU.ActiveCfg = Debug|Any CPU
		{D6218CDC-67ED-4647-9F51-A8D28B08A90E}.Debug|Any CPU.Build.0 = Debug|Any CPU
		{D6218CDC-67ED-4647-9F51-A8D28B08A90E}.Release|Any CPU.ActiveCfg = Release|Any CPU
		{D6218CDC-67ED-4647-9F51-A8D28B08A90E}.Release|Any CPU.Build.0 = Release|Any CPU
		{AAC4AF41-BA63-4336-A3BC-EC913614CDB4}.Debug|Any CPU.ActiveCfg = Debug|Any CPU
		{AAC4AF41-BA63-4336-A3BC-EC913614CDB4}.Debug|Any CPU.Build.0 = Debug|Any CPU
		{AAC4AF41-BA63-4336-A3BC-EC913614CDB4}.Release|Any CPU.ActiveCfg = Release|Any CPU
		{AAC4AF41-BA63-4336-A3BC-EC913614CDB4}.Release|Any CPU.Build.0 = Release|Any CPU
	EndGlobalSection
	GlobalSection(SolutionProperties) = preSolution
		HideSolutionNode = FALSE
	EndGlobalSection
	GlobalSection(ExtensibilityGlobals) = postSolution
		SolutionGuid = {819E98BF-AD2F-40D1-A144-BA5A5823B897}
	EndGlobalSection
EndGlobal
